
Microsoft Visual Studio Solution File, Format Version 12.00
# Visual Studio Version 16
VisualStudioVersion = 16.0.30128.74
MinimumVisualStudioVersion = 10.0.40219.1
Project("{8BC9CEB8-8B4A-11D0-8D11-00A0C91BC942}") = "FFT", "FFT\FFT.vcxproj", "{FFD4AB5B-9C77-44A7-A9BC-2A466053D2FC}"
EndProject
Project("{FAE04EC0-301F-11D3-BF4B-00C04F79EFBC}") = "FFTGUI", "FFTGUI\FFTGUI.csproj", "{61BA142B-330D-47D4-84F9-8E3499284FCF}"
EndProject
Global
	GlobalSection(SolutionConfigurationPlatforms) = preSolution
		Debug|Any CPU = Debug|Any CPU
		Debug|x64 = Debug|x64
		Debug|x86 = Debug|x86
		Release|Any CPU = Release|Any CPU
		Release|x64 = Release|x64
		Release|x86 = Release|x86
	EndGlobalSection
	GlobalSection(ProjectConfigurationPlatforms) = postSolution
		{FFD4AB5B-9C77-44A7-A9BC-2A466053D2FC}.Debug|Any CPU.ActiveCfg = Debug|Win32
		{FFD4AB5B-9C77-44A7-A9BC-2A466053D2FC}.Debug|x64.ActiveCfg = Debug|x64
		{FFD4AB5B-9C77-44A7-A9BC-2A466053D2FC}.Debug|x64.Build.0 = Debug|x64
		{FFD4AB5B-9C77-44A7-A9BC-2A466053D2FC}.Debug|x86.ActiveCfg = Debug|Win32
		{FFD4AB5B-9C77-44A7-A9BC-2A466053D2FC}.Debug|x86.Build.0 = Debug|Win32
		{FFD4AB5B-9C77-44A7-A9BC-2A466053D2FC}.Release|Any CPU.ActiveCfg = Release|Win32
		{FFD4AB5B-9C77-44A7-A9BC-2A466053D2FC}.Release|x64.ActiveCfg = Release|x64
		{FFD4AB5B-9C77-44A7-A9BC-2A466053D2FC}.Release|x64.Build.0 = Release|x64
		{FFD4AB5B-9C77-44A7-A9BC-2A466053D2FC}.Release|x86.ActiveCfg = Release|Win32
		{FFD4AB5B-9C77-44A7-A9BC-2A466053D2FC}.Release|x86.Build.0 = Release|Win32
		{61BA142B-330D-47D4-84F9-8E3499284FCF}.Debug|Any CPU.ActiveCfg = Debug|Any CPU
		{61BA142B-330D-47D4-84F9-8E3499284FCF}.Debug|Any CPU.Build.0 = Debug|Any CPU
		{61BA142B-330D-47D4-84F9-8E3499284FCF}.Debug|x64.ActiveCfg = Debug|Any CPU
		{61BA142B-330D-47D4-84F9-8E3499284FCF}.Debug|x64.Build.0 = Debug|Any CPU
		{61BA142B-330D-47D4-84F9-8E3499284FCF}.Debug|x86.ActiveCfg = Debug|Any CPU
		{61BA142B-330D-47D4-84F9-8E3499284FCF}.Debug|x86.Build.0 = Debug|Any CPU
		{61BA142B-330D-47D4-84F9-8E3499284FCF}.Release|Any CPU.ActiveCfg = Release|Any CPU
		{61BA142B-330D-47D4-84F9-8E3499284FCF}.Release|Any CPU.Build.0 = Release|Any CPU
		{61BA142B-330D-47D4-84F9-8E3499284FCF}.Release|x64.ActiveCfg = Release|Any CPU
		{61BA142B-330D-47D4-84F9-8E3499284FCF}.Release|x64.Build.0 = Release|Any CPU
		{61BA142B-330D-47D4-84F9-8E3499284FCF}.Release|x86.ActiveCfg = Release|Any CPU
		{61BA142B-330D-47D4-84F9-8E3499284FCF}.Release|x86.Build.0 = Release|Any CPU
	EndGlobalSection
	GlobalSection(SolutionProperties) = preSolution
		HideSolutionNode = FALSE
	EndGlobalSection
	GlobalSection(ExtensibilityGlobals) = postSolution
		SolutionGuid = {62AC0778-B796-4182-9FBB-E1CE47E4BD41}
	EndGlobalSection
EndGlobal
